Microsoft Visual Studio Solution File, Format Version 12.00
Project("{2150E333-8FDC-42A3-9474-1A3956D46DE8}") = "src", "src", "{0FECDE36-0BFA-45D4-B244-9CD97B8B713D}"
EndProject
Project("{FAE04EC0-301F-11D3-BF4B-00C04F79EFBC}") = "Weave.Messaging.Core", "src\Weave.Messaging.Core\Weave.Messaging.Core.csproj", "{A9070AA4-4943-4E51-8E14-34104496D2E4}"
EndProject
Project("{2150E333-8FDC-42A3-9474-1A3956D46DE8}") = "build", "build", "{4E4F2659-FEFF-4A05-A4BF-9FF217221065}"
ProjectSection(SolutionItems) = preProject
	build\build.cake = build\build.cake
	build\build.sh = build\build.sh
EndProjectSection
EndProject
Project("{FAE04EC0-301F-11D3-BF4B-00C04F79EFBC}") = "providers\Weave.Messaging.MassTransit", "src\providers\MassTransit\Weave.Messaging.MassTransit\Weave.Messaging.MassTransit.csproj", "{68A332AF-3519-4C68-8BF6-B27C5BDFF9FF}"
EndProject
Project("{2150E333-8FDC-42A3-9474-1A3956D46DE8}") = "providers", "providers", "{8E1BC3A3-7122-4D78-89D9-37B740645D03}"
EndProject
Project("{FAE04EC0-301F-11D3-BF4B-00C04F79EFBC}") = "Weave.Messaging.Debug", "Weave.Messaging.Debug\Weave.Messaging.Debug.csproj", "{02E68697-DCD3-4611-915F-148994E1ABD4}"
EndProject
Project("{2150E333-8FDC-42A3-9474-1A3956D46DE8}") = "MassTransit", "MassTransit", "{0FF73F11-2656-4405-AB9B-0F6F150A2E6E}"
ProjectSection(SolutionItems) = preProject
	src\providers\MassTransit\Directory.Build.props = src\providers\MassTransit\Directory.Build.props
EndProjectSection
EndProject
Project("{FAE04EC0-301F-11D3-BF4B-00C04F79EFBC}") = "Weave.Messaging.MassTransit.NLog", "src\providers\MassTransit\Weave.Messaging.MassTransit.NLog\Weave.Messaging.MassTransit.NLog.csproj", "{7B0758A9-68F0-4AFD-933F-494BA0D763F4}"
EndProject
Project("{FAE04EC0-301F-11D3-BF4B-00C04F79EFBC}") = "Weave.Messaging.MassTransit.RabbitMq", "src\providers\MassTransit\Weave.Messaging.MassTransit.RabbitMq\Weave.Messaging.MassTransit.RabbitMq.csproj", "{1D8717A0-FEAD-47AD-836A-72657F1433AA}"
EndProject
Project("{FAE04EC0-301F-11D3-BF4B-00C04F79EFBC}") = "Weave.Messaging.Debug.UseCases", "Weave.Messaging.Debug.UseCases\Weave.Messaging.Debug.UseCases.csproj", "{E2A70CF5-9BAE-4E53-822D-5459E14F420C}"
EndProject
Project("{FAE04EC0-301F-11D3-BF4B-00C04F79EFBC}") = "Weave.Messaging.MassTransit.Autofac", "src\providers\MassTransit\Weave.Messaging.MassTransit.Autofac\Weave.Messaging.MassTransit.Autofac.csproj", "{D641DA20-1BE6-4BEA-948B-3A54D28AD4F6}"
EndProject
Global
	GlobalSection(SolutionConfigurationPlatforms) = preSolution
		Debug|Any CPU = Debug|Any CPU
		Release|Any CPU = Release|Any CPU
	EndGlobalSection
	GlobalSection(NestedProjects) = preSolution
		{A9070AA4-4943-4E51-8E14-34104496D2E4} = {0FECDE36-0BFA-45D4-B244-9CD97B8B713D}
		{8E1BC3A3-7122-4D78-89D9-37B740645D03} = {0FECDE36-0BFA-45D4-B244-9CD97B8B713D}
		{0FF73F11-2656-4405-AB9B-0F6F150A2E6E} = {8E1BC3A3-7122-4D78-89D9-37B740645D03}
		{68A332AF-3519-4C68-8BF6-B27C5BDFF9FF} = {0FF73F11-2656-4405-AB9B-0F6F150A2E6E}
		{7B0758A9-68F0-4AFD-933F-494BA0D763F4} = {0FF73F11-2656-4405-AB9B-0F6F150A2E6E}
		{1D8717A0-FEAD-47AD-836A-72657F1433AA} = {0FF73F11-2656-4405-AB9B-0F6F150A2E6E}
		{D641DA20-1BE6-4BEA-948B-3A54D28AD4F6} = {0FF73F11-2656-4405-AB9B-0F6F150A2E6E}
	EndGlobalSection
	GlobalSection(ProjectConfigurationPlatforms) = postSolution
		{A9070AA4-4943-4E51-8E14-34104496D2E4}.Debug|Any CPU.ActiveCfg = Debug|Any CPU
		{A9070AA4-4943-4E51-8E14-34104496D2E4}.Debug|Any CPU.Build.0 = Debug|Any CPU
		{A9070AA4-4943-4E51-8E14-34104496D2E4}.Release|Any CPU.ActiveCfg = Release|Any CPU
		{A9070AA4-4943-4E51-8E14-34104496D2E4}.Release|Any CPU.Build.0 = Release|Any CPU
		{68A332AF-3519-4C68-8BF6-B27C5BDFF9FF}.Debug|Any CPU.ActiveCfg = Debug|Any CPU
		{68A332AF-3519-4C68-8BF6-B27C5BDFF9FF}.Debug|Any CPU.Build.0 = Debug|Any CPU
		{68A332AF-3519-4C68-8BF6-B27C5BDFF9FF}.Release|Any CPU.ActiveCfg = Release|Any CPU
		{68A332AF-3519-4C68-8BF6-B27C5BDFF9FF}.Release|Any CPU.Build.0 = Release|Any CPU
		{02E68697-DCD3-4611-915F-148994E1ABD4}.Debug|Any CPU.ActiveCfg = Debug|Any CPU
		{02E68697-DCD3-4611-915F-148994E1ABD4}.Debug|Any CPU.Build.0 = Debug|Any CPU
		{02E68697-DCD3-4611-915F-148994E1ABD4}.Release|Any CPU.ActiveCfg = Release|Any CPU
		{02E68697-DCD3-4611-915F-148994E1ABD4}.Release|Any CPU.Build.0 = Release|Any CPU
		{7B0758A9-68F0-4AFD-933F-494BA0D763F4}.Debug|Any CPU.ActiveCfg = Debug|Any CPU
		{7B0758A9-68F0-4AFD-933F-494BA0D763F4}.Debug|Any CPU.Build.0 = Debug|Any CPU
		{7B0758A9-68F0-4AFD-933F-494BA0D763F4}.Release|Any CPU.ActiveCfg = Release|Any CPU
		{7B0758A9-68F0-4AFD-933F-494BA0D763F4}.Release|Any CPU.Build.0 = Release|Any CPU
		{1D8717A0-FEAD-47AD-836A-72657F1433AA}.Debug|Any CPU.ActiveCfg = Debug|Any CPU
		{1D8717A0-FEAD-47AD-836A-72657F1433AA}.Debug|Any CPU.Build.0 = Debug|Any CPU
		{1D8717A0-FEAD-47AD-836A-72657F1433AA}.Release|Any CPU.ActiveCfg = Release|Any CPU
		{1D8717A0-FEAD-47AD-836A-72657F1433AA}.Release|Any CPU.Build.0 = Release|Any CPU
		{E2A70CF5-9BAE-4E53-822D-5459E14F420C}.Debug|Any CPU.ActiveCfg = Debug|Any CPU
		{E2A70CF5-9BAE-4E53-822D-5459E14F420C}.Debug|Any CPU.Build.0 = Debug|Any CPU
		{E2A70CF5-9BAE-4E53-822D-5459E14F420C}.Release|Any CPU.ActiveCfg = Release|Any CPU
		{E2A70CF5-9BAE-4E53-822D-5459E14F420C}.Release|Any CPU.Build.0 = Release|Any CPU
		{D641DA20-1BE6-4BEA-948B-3A54D28AD4F6}.Debug|Any CPU.ActiveCfg = Debug|Any CPU
		{D641DA20-1BE6-4BEA-948B-3A54D28AD4F6}.Debug|Any CPU.Build.0 = Debug|Any CPU
		{D641DA20-1BE6-4BEA-948B-3A54D28AD4F6}.Release|Any CPU.ActiveCfg = Release|Any CPU
		{D641DA20-1BE6-4BEA-948B-3A54D28AD4F6}.Release|Any CPU.Build.0 = Release|Any CPU
	EndGlobalSection
EndGlobal
